
Microsoft Visual Studio Solution File, Format Version 12.00
# Visual Studio Version 17
VisualStudioVersion = 17.8.34525.116
MinimumVisualStudioVersion = 10.0.40219.1
Project("{FAE04EC0-301F-11D3-BF4B-00C04F79EFBC}") = "MyChat", "MyChat.csproj", "{379950D1-C773-4776-B440-F3E77EC038BF}"
EndProject
Global
	GlobalSection(SolutionConfigurationPlatforms) = preSolution
		Debug|Any CPU = Debug|Any CPU
		Release|Any CPU = Release|Any CPU
	EndGlobalSection
	GlobalSection(ProjectConfigurationPlatforms) = postSolution
		{379950D1-C773-4776-B440-F3E77EC038BF}.Debug|Any CPU.ActiveCfg = Debug|Any CPU
		{379950D1-C773-4776-B440-F3E77EC038BF}.Debug|Any CPU.Build.0 = Debug|Any CPU
		{379950D1-C773-4776-B440-F3E77EC038BF}.Release|Any CPU.ActiveCfg = Release|Any CPU
		{379950D1-C773-4776-B440-F3E77EC038BF}.Release|Any CPU.Build.0 = Release|Any CPU
	EndGlobalSection
	GlobalSection(SolutionProperties) = preSolution
		HideSolutionNode = FALSE
	EndGlobalSection
	GlobalSection(ExtensibilityGlobals) = postSolution
		SolutionGuid = {BB3740A8-FD33-455C-B58F-0ABBDE6A9DEB}
	EndGlobalSection
EndGlobal
